{
  "name": "generator_username_random",
  "version": "1.0.3",
  "lockfileVersion": 3,
  "requires": true,
  "packages": {
    "": {
      "name": "generator_username_random",
      "version": "1.0.3",
      "license": "MIT",
      "dependencies": {
        "generator_username_random": "^1.0.3"
      },
      "devDependencies": {
        "typescript": "^5.5.4"
      }
    },
    "node_modules/generator_username_random": {
      "version": "1.0.3",
      "resolved": "https://registry.npmjs.org/generator_username_random/-/generator_username_random-1.0.3.tgz",
      "integrity": "sha512-HZQ1tR1XCqSJMhuMfTogS7WEj1YTTo/GlMQOgJ9gkJYe6JAzvkzjfGwdof95S0KjxqZvlvpOAOqisioyhZPYiw==",
      "dependencies": {
        "generator_username_random": "^1.0.2"
      }
    },
    "node_modules/typescript": {
      "version": "5.5.4",
      "resolved": "https://registry.npmjs.org/typescript/-/typescript-5.5.4.tgz",
      "integrity": "sha512-Mtq29sKDAEYP7aljRgtPOpTvOfbwRWlS6dPRzwjdE+C0R4brX/GUyhHSecbHMFLNBLcJIPt9nl9yG5TZ1weH+Q==",
      "dev": true,
      "bin": {
        "tsc": "bin/tsc",
        "tsserver": "bin/tsserver"
      },
      "engines": {
        "node": ">=14.17"
      }
    }
  }
}
